
Microsoft Visual Studio Solution File, Format Version 12.00
# Visual Studio 2013
VisualStudioVersion = 12.0.31101.0
MinimumVisualStudioVersion = 10.0.40219.1
Project("{FAE04EC0-301F-11D3-BF4B-00C04F79EFBC}") = "Lfb.DataGrab", "Lfb.DataGrab\Lfb.DataGrab.csproj", "{2545E22B-64D5-47CA-8517-DD77762DF2C7}"
EndProject
Project("{FAE04EC0-301F-11D3-BF4B-00C04F79EFBC}") = "Lib.Csharp.Tools", "Lib.Csharp.Tools\Lib.Csharp.Tools.csproj", "{01DF3BF6-793F-40D6-90AA-132892BA8E16}"
EndProject
Project("{2150E333-8FDC-42A3-9474-1A3956D46DE8}") = ".nuget", ".nuget", "{E787AB59-F4C5-4A11-9587-CE08002A50B1}"
	ProjectSection(SolutionItems) = preProject
		.nuget\NuGet.Config = .nuget\NuGet.Config
		.nuget\NuGet.exe = .nuget\NuGet.exe
		.nuget\NuGet.targets = .nuget\NuGet.targets
	EndProjectSection
EndProject
Project("{FAE04EC0-301F-11D3-BF4B-00C04F79EFBC}") = "Comm.Global.Db", "Comm.Global.Db\Comm.Global.Db.csproj", "{6DC3C420-0DA3-4F81-9885-00CEF59903CF}"
EndProject
Project("{FAE04EC0-301F-11D3-BF4B-00C04F79EFBC}") = "Comm.Tools.Utility", "Utility\Comm.Tools.Utility.csproj", "{96DD7591-64F4-44BA-B899-4B6B542A85BE}"
EndProject
Project("{FAE04EC0-301F-11D3-BF4B-00C04F79EFBC}") = "Comm.Cloud.RDS", "RDS\Implement\Comm.Cloud.RDS.csproj", "{66C9FBD2-258B-4CD4-9411-41CCFC3F0994}"
EndProject
Project("{FAE04EC0-301F-11D3-BF4B-00C04F79EFBC}") = "Comm.Cloud.IRDS", "RDS\Interface\Comm.Cloud.IRDS\Comm.Cloud.IRDS.csproj", "{B1151530-D6D9-4901-A33E-ED0EF51C1DE0}"
EndProject
Project("{FAE04EC0-301F-11D3-BF4B-00C04F79EFBC}") = "Comm.Global.Config", "Config\Comm.Global.Config.csproj", "{EC122738-A2A3-4128-B0B7-7BF87DA905BE}"
EndProject
Project("{FAE04EC0-301F-11D3-BF4B-00C04F79EFBC}") = "Comm.Global.Exception", "Exception\Comm.Global.Exception.csproj", "{D2D7DF86-C9B7-4E25-8BDC-135A13CA1484}"
EndProject
Project("{FAE04EC0-301F-11D3-BF4B-00C04F79EFBC}") = "Test", "Test\Test.csproj", "{538F4ACD-D2B7-4031-8525-F16EB052E4CF}"
EndProject
Project("{FAE04EC0-301F-11D3-BF4B-00C04F79EFBC}") = "Comm.Global.DTO", "Data\DTO\Comm.Global.DTO.csproj", "{5C8BD179-A7F6-4B31-95D7-D96E830DED94}"
EndProject
Project("{FAE04EC0-301F-11D3-BF4B-00C04F79EFBC}") = "Comm.Global.Enum", "Data\Enum\Comm.Global.Enum.csproj", "{3F29C61F-D939-4AE4-9BDC-629C3EA11909}"
EndProject
Project("{FAE04EC0-301F-11D3-BF4B-00C04F79EFBC}") = "Comm.Global.Resource", "Data\Resource\Comm.Global.Resource.csproj", "{4D55101B-3385-4DDC-936C-63B8E28736E8}"
EndProject
Project("{FAE04EC0-301F-11D3-BF4B-00C04F79EFBC}") = "Lfb.NewsGather", "Lfb.NewsGather\Lfb.NewsGather.csproj", "{15D729D4-8EA1-47A6-9B9B-DD1D665466F4}"
EndProject
Project("{FAE04EC0-301F-11D3-BF4B-00C04F79EFBC}") = "Lfb.DataGrabBll", "Lfb.DataGrabBll\Lfb.DataGrabBll.csproj", "{ED399AFA-560C-4473-8BC2-AA686FACD4B9}"
EndProject
Global
	GlobalSection(SolutionConfigurationPlatforms) = preSolution
		Debug|Any CPU = Debug|Any CPU
		Release|Any CPU = Release|Any CPU
	EndGlobalSection
	GlobalSection(ProjectConfigurationPlatforms) = postSolution
		{2545E22B-64D5-47CA-8517-DD77762DF2C7}.Debug|Any CPU.ActiveCfg = Debug|Any CPU
		{2545E22B-64D5-47CA-8517-DD77762DF2C7}.Debug|Any CPU.Build.0 = Debug|Any CPU
		{2545E22B-64D5-47CA-8517-DD77762DF2C7}.Release|Any CPU.ActiveCfg = Release|Any CPU
		{2545E22B-64D5-47CA-8517-DD77762DF2C7}.Release|Any CPU.Build.0 = Release|Any CPU
		{01DF3BF6-793F-40D6-90AA-132892BA8E16}.Debug|Any CPU.ActiveCfg = Debug|Any CPU
		{01DF3BF6-793F-40D6-90AA-132892BA8E16}.Debug|Any CPU.Build.0 = Debug|Any CPU
		{01DF3BF6-793F-40D6-90AA-132892BA8E16}.Release|Any CPU.ActiveCfg = Release|Any CPU
		{01DF3BF6-793F-40D6-90AA-132892BA8E16}.Release|Any CPU.Build.0 = Release|Any CPU
		{6DC3C420-0DA3-4F81-9885-00CEF59903CF}.Debug|Any CPU.ActiveCfg = Debug|Any CPU
		{6DC3C420-0DA3-4F81-9885-00CEF59903CF}.Debug|Any CPU.Build.0 = Debug|Any CPU
		{6DC3C420-0DA3-4F81-9885-00CEF59903CF}.Release|Any CPU.ActiveCfg = Release|Any CPU
		{6DC3C420-0DA3-4F81-9885-00CEF59903CF}.Release|Any CPU.Build.0 = Release|Any CPU
		{96DD7591-64F4-44BA-B899-4B6B542A85BE}.Debug|Any CPU.ActiveCfg = Debug|Any CPU
		{96DD7591-64F4-44BA-B899-4B6B542A85BE}.Debug|Any CPU.Build.0 = Debug|Any CPU
		{96DD7591-64F4-44BA-B899-4B6B542A85BE}.Release|Any CPU.ActiveCfg = Release|Any CPU
		{96DD7591-64F4-44BA-B899-4B6B542A85BE}.Release|Any CPU.Build.0 = Release|Any CPU
		{66C9FBD2-258B-4CD4-9411-41CCFC3F0994}.Debug|Any CPU.ActiveCfg = Debug|Any CPU
		{66C9FBD2-258B-4CD4-9411-41CCFC3F0994}.Debug|Any CPU.Build.0 = Debug|Any CPU
		{66C9FBD2-258B-4CD4-9411-41CCFC3F0994}.Release|Any CPU.ActiveCfg = Release|Any CPU
		{66C9FBD2-258B-4CD4-9411-41CCFC3F0994}.Release|Any CPU.Build.0 = Release|Any CPU
		{B1151530-D6D9-4901-A33E-ED0EF51C1DE0}.Debug|Any CPU.ActiveCfg = Debug|Any CPU
		{B1151530-D6D9-4901-A33E-ED0EF51C1DE0}.Debug|Any CPU.Build.0 = Debug|Any CPU
		{B1151530-D6D9-4901-A33E-ED0EF51C1DE0}.Release|Any CPU.ActiveCfg = Release|Any CPU
		{B1151530-D6D9-4901-A33E-ED0EF51C1DE0}.Release|Any CPU.Build.0 = Release|Any CPU
		{EC122738-A2A3-4128-B0B7-7BF87DA905BE}.Debug|Any CPU.ActiveCfg = Debug|Any CPU
		{EC122738-A2A3-4128-B0B7-7BF87DA905BE}.Debug|Any CPU.Build.0 = Debug|Any CPU
		{EC122738-A2A3-4128-B0B7-7BF87DA905BE}.Release|Any CPU.ActiveCfg = Release|Any CPU
		{EC122738-A2A3-4128-B0B7-7BF87DA905BE}.Release|Any CPU.Build.0 = Release|Any CPU
		{D2D7DF86-C9B7-4E25-8BDC-135A13CA1484}.Debug|Any CPU.ActiveCfg = Debug|Any CPU
		{D2D7DF86-C9B7-4E25-8BDC-135A13CA1484}.Debug|Any CPU.Build.0 = Debug|Any CPU
		{D2D7DF86-C9B7-4E25-8BDC-135A13CA1484}.Release|Any CPU.ActiveCfg = Release|Any CPU
		{D2D7DF86-C9B7-4E25-8BDC-135A13CA1484}.Release|Any CPU.Build.0 = Release|Any CPU
		{538F4ACD-D2B7-4031-8525-F16EB052E4CF}.Debug|Any CPU.ActiveCfg = Debug|Any CPU
		{538F4ACD-D2B7-4031-8525-F16EB052E4CF}.Debug|Any CPU.Build.0 = Debug|Any CPU
		{538F4ACD-D2B7-4031-8525-F16EB052E4CF}.Release|Any CPU.ActiveCfg = Release|Any CPU
		{538F4ACD-D2B7-4031-8525-F16EB052E4CF}.Release|Any CPU.Build.0 = Release|Any CPU
		{5C8BD179-A7F6-4B31-95D7-D96E830DED94}.Debug|Any CPU.ActiveCfg = Debug|Any CPU
		{5C8BD179-A7F6-4B31-95D7-D96E830DED94}.Debug|Any CPU.Build.0 = Debug|Any CPU
		{5C8BD179-A7F6-4B31-95D7-D96E830DED94}.Release|Any CPU.ActiveCfg = Release|Any CPU
		{5C8BD179-A7F6-4B31-95D7-D96E830DED94}.Release|Any CPU.Build.0 = Release|Any CPU
		{3F29C61F-D939-4AE4-9BDC-629C3EA11909}.Debug|Any CPU.ActiveCfg = Debug|Any CPU
		{3F29C61F-D939-4AE4-9BDC-629C3EA11909}.Debug|Any CPU.Build.0 = Debug|Any CPU
		{3F29C61F-D939-4AE4-9BDC-629C3EA11909}.Release|Any CPU.ActiveCfg = Release|Any CPU
		{3F29C61F-D939-4AE4-9BDC-629C3EA11909}.Release|Any CPU.Build.0 = Release|Any CPU
		{4D55101B-3385-4DDC-936C-63B8E28736E8}.Debug|Any CPU.ActiveCfg = Debug|Any CPU
		{4D55101B-3385-4DDC-936C-63B8E28736E8}.Debug|Any CPU.Build.0 = Debug|Any CPU
		{4D55101B-3385-4DDC-936C-63B8E28736E8}.Release|Any CPU.ActiveCfg = Release|Any CPU
		{4D55101B-3385-4DDC-936C-63B8E28736E8}.Release|Any CPU.Build.0 = Release|Any CPU
		{15D729D4-8EA1-47A6-9B9B-DD1D665466F4}.Debug|Any CPU.ActiveCfg = Debug|Any CPU
		{15D729D4-8EA1-47A6-9B9B-DD1D665466F4}.Debug|Any CPU.Build.0 = Debug|Any CPU
		{15D729D4-8EA1-47A6-9B9B-DD1D665466F4}.Release|Any CPU.ActiveCfg = Release|Any CPU
		{15D729D4-8EA1-47A6-9B9B-DD1D665466F4}.Release|Any CPU.Build.0 = Release|Any CPU
		{ED399AFA-560C-4473-8BC2-AA686FACD4B9}.Debug|Any CPU.ActiveCfg = Debug|Any CPU
		{ED399AFA-560C-4473-8BC2-AA686FACD4B9}.Debug|Any CPU.Build.0 = Debug|Any CPU
		{ED399AFA-560C-4473-8BC2-AA686FACD4B9}.Release|Any CPU.ActiveCfg = Release|Any CPU
		{ED399AFA-560C-4473-8BC2-AA686FACD4B9}.Release|Any CPU.Build.0 = Release|Any CPU
	EndGlobalSection
	GlobalSection(SolutionProperties) = preSolution
		HideSolutionNode = FALSE
	EndGlobalSection
EndGlobal
